
Microsoft Visual Studio Solution File, Format Version 12.00
# Visual Studio 15
VisualStudioVersion = 15.0.28010.2046
MinimumVisualStudioVersion = 10.0.40219.1
Project("{FAE04EC0-301F-11D3-BF4B-00C04F79EFBC}") = "PlateChecker", "PlateChecker\PlateChecker.csproj", "{EAD1EA32-EFF6-4991-80D6-AF677096E46C}"
EndProject
Project("{FAE04EC0-301F-11D3-BF4B-00C04F79EFBC}") = "PlateChecker_Test", "PlateChecker_Test\PlateChecker_Test.csproj", "{C9F29DDE-6918-491D-B6B7-97FE68C7A605}"
EndProject
Global
	GlobalSection(SolutionConfigurationPlatforms) = preSolution
		Debug|Any CPU = Debug|Any CPU
		Release|Any CPU = Release|Any CPU
	EndGlobalSection
	GlobalSection(ProjectConfigurationPlatforms) = postSolution
		{EAD1EA32-EFF6-4991-80D6-AF677096E46C}.Debug|Any CPU.ActiveCfg = Debug|Any CPU
		{EAD1EA32-EFF6-4991-80D6-AF677096E46C}.Debug|Any CPU.Build.0 = Debug|Any CPU
		{EAD1EA32-EFF6-4991-80D6-AF677096E46C}.Release|Any CPU.ActiveCfg = Release|Any CPU
		{EAD1EA32-EFF6-4991-80D6-AF677096E46C}.Release|Any CPU.Build.0 = Release|Any CPU
		{C9F29DDE-6918-491D-B6B7-97FE68C7A605}.Debug|Any CPU.ActiveCfg = Debug|Any CPU
		{C9F29DDE-6918-491D-B6B7-97FE68C7A605}.Debug|Any CPU.Build.0 = Debug|Any CPU
		{C9F29DDE-6918-491D-B6B7-97FE68C7A605}.Release|Any CPU.ActiveCfg = Release|Any CPU
		{C9F29DDE-6918-491D-B6B7-97FE68C7A605}.Release|Any CPU.Build.0 = Release|Any CPU
	EndGlobalSection
	GlobalSection(SolutionProperties) = preSolution
		HideSolutionNode = FALSE
	EndGlobalSection
	GlobalSection(ExtensibilityGlobals) = postSolution
		SolutionGuid = {B861E0B8-3A81-43A8-848B-FA03E9514B87}
	EndGlobalSection
EndGlobal
